
Microsoft Visual Studio Solution File, Format Version 12.00
# Visual Studio Version 17
VisualStudioVersion = 17.13.35806.99
MinimumVisualStudioVersion = 10.0.40219.1
Project("{FAE04EC0-301F-11D3-BF4B-00C04F79EFBC}") = "OnilneCourseFunctions", "OnilneCourseFunctions.csproj", "{66885DA7-DEEE-4E68-9FB1-4DCF94D99241}"
EndProject
Global
	GlobalSection(SolutionConfigurationPlatforms) = preSolution
		Debug|Any CPU = Debug|Any CPU
		Release|Any CPU = Release|Any CPU
	EndGlobalSection
	GlobalSection(ProjectConfigurationPlatforms) = postSolution
		{66885DA7-DEEE-4E68-9FB1-4DCF94D99241}.Debug|Any CPU.ActiveCfg = Debug|Any CPU
		{66885DA7-DEEE-4E68-9FB1-4DCF94D99241}.Debug|Any CPU.Build.0 = Debug|Any CPU
		{66885DA7-DEEE-4E68-9FB1-4DCF94D99241}.Release|Any CPU.ActiveCfg = Release|Any CPU
		{66885DA7-DEEE-4E68-9FB1-4DCF94D99241}.Release|Any CPU.Build.0 = Release|Any CPU
	EndGlobalSection
	GlobalSection(SolutionProperties) = preSolution
		HideSolutionNode = FALSE
	EndGlobalSection
	GlobalSection(ExtensibilityGlobals) = postSolution
		SolutionGuid = {35248EF8-B7FD-4F1F-9726-8B3B99637266}
	EndGlobalSection
EndGlobal
